
Microsoft Visual Studio Solution File, Format Version 12.00
# Visual Studio Version 17
VisualStudioVersion = 17.9.34701.34
MinimumVisualStudioVersion = 10.0.40219.1
Project("{FAE04EC0-301F-11D3-BF4B-00C04F79EFBC}") = "Bank_Management_System_v2", "Bank_Management_System_v2.csproj", "{3ED43124-6096-4620-BBB7-FBD0E21982C8}"
EndProject
Global
	GlobalSection(SolutionConfigurationPlatforms) = preSolution
		Debug|Any CPU = Debug|Any CPU
		Release|Any CPU = Release|Any CPU
	EndGlobalSection
	GlobalSection(ProjectConfigurationPlatforms) = postSolution
		{3ED43124-6096-4620-BBB7-FBD0E21982C8}.Debug|Any CPU.ActiveCfg = Debug|Any CPU
		{3ED43124-6096-4620-BBB7-FBD0E21982C8}.Debug|Any CPU.Build.0 = Debug|Any CPU
		{3ED43124-6096-4620-BBB7-FBD0E21982C8}.Release|Any CPU.ActiveCfg = Release|Any CPU
		{3ED43124-6096-4620-BBB7-FBD0E21982C8}.Release|Any CPU.Build.0 = Release|Any CPU
	EndGlobalSection
	GlobalSection(SolutionProperties) = preSolution
		HideSolutionNode = FALSE
	EndGlobalSection
	GlobalSection(ExtensibilityGlobals) = postSolution
		SolutionGuid = {E4434F44-E39E-4639-89AC-109A752F30C5}
	EndGlobalSection
EndGlobal
